
Microsoft Visual Studio Solution File, Format Version 12.00
# Visual Studio Version 17
VisualStudioVersion = 17.7.34202.233
MinimumVisualStudioVersion = 10.0.40219.1
Project("{9A19103F-16F7-4668-BE54-9A1E7A4F7556}") = "Hooks.Server", "Hooks\Server\Hooks.Server.csproj", "{B1393494-5EC9-4A4D-B3CD-0BD332175522}"
EndProject
Project("{9A19103F-16F7-4668-BE54-9A1E7A4F7556}") = "Hooks.Client", "Hooks\Client\Hooks.Client.csproj", "{28BD3735-B1D0-4E6C-BDAC-FE9AF3910AF6}"
EndProject
Project("{9A19103F-16F7-4668-BE54-9A1E7A4F7556}") = "Hooks.Shared", "Hooks\Shared\Hooks.Shared.csproj", "{DA4E28AA-38F8-49D5-AFD2-468CDDAA17EF}"
EndProject
Global
	GlobalSection(SolutionConfigurationPlatforms) = preSolution
		Debug|Any CPU = Debug|Any CPU
		Release|Any CPU = Release|Any CPU
	EndGlobalSection
	GlobalSection(ProjectConfigurationPlatforms) = postSolution
		{B1393494-5EC9-4A4D-B3CD-0BD332175522}.Debug|Any CPU.ActiveCfg = Debug|Any CPU
		{B1393494-5EC9-4A4D-B3CD-0BD332175522}.Debug|Any CPU.Build.0 = Debug|Any CPU
		{B1393494-5EC9-4A4D-B3CD-0BD332175522}.Release|Any CPU.ActiveCfg = Release|Any CPU
		{B1393494-5EC9-4A4D-B3CD-0BD332175522}.Release|Any CPU.Build.0 = Release|Any CPU
		{28BD3735-B1D0-4E6C-BDAC-FE9AF3910AF6}.Debug|Any CPU.ActiveCfg = Debug|Any CPU
		{28BD3735-B1D0-4E6C-BDAC-FE9AF3910AF6}.Debug|Any CPU.Build.0 = Debug|Any CPU
		{28BD3735-B1D0-4E6C-BDAC-FE9AF3910AF6}.Release|Any CPU.ActiveCfg = Release|Any CPU
		{28BD3735-B1D0-4E6C-BDAC-FE9AF3910AF6}.Release|Any CPU.Build.0 = Release|Any CPU
		{DA4E28AA-38F8-49D5-AFD2-468CDDAA17EF}.Debug|Any CPU.ActiveCfg = Debug|Any CPU
		{DA4E28AA-38F8-49D5-AFD2-468CDDAA17EF}.Debug|Any CPU.Build.0 = Debug|Any CPU
		{DA4E28AA-38F8-49D5-AFD2-468CDDAA17EF}.Release|Any CPU.ActiveCfg = Release|Any CPU
		{DA4E28AA-38F8-49D5-AFD2-468CDDAA17EF}.Release|Any CPU.Build.0 = Release|Any CPU
	EndGlobalSection
	GlobalSection(SolutionProperties) = preSolution
		HideSolutionNode = FALSE
	EndGlobalSection
	GlobalSection(ExtensibilityGlobals) = postSolution
		SolutionGuid = {2BA14537-9F9B-4043-AE20-A0DCBB756EBD}
	EndGlobalSection
EndGlobal
